
Microsoft Visual Studio Solution File, Format Version 12.00
# Visual Studio 15
VisualStudioVersion = 15.0.26124.0
MinimumVisualStudioVersion = 15.0.26124.0
Project("{FAE04EC0-301F-11D3-BF4B-00C04F79EFBC}") = "API", "API\API.csproj", "{1FC8943F-C467-4903-B019-85D0D4988A77}"
EndProject
Project("{FAE04EC0-301F-11D3-BF4B-00C04F79EFBC}") = "Application", "Application\Application.csproj", "{CB1359C1-0547-446B-80EE-D3845C4A9D0A}"
EndProject
Project("{FAE04EC0-301F-11D3-BF4B-00C04F79EFBC}") = "Domain", "Domain\Domain.csproj", "{59F2D120-336A-4823-A68A-1ADAC5CEEDAB}"
EndProject
Project("{FAE04EC0-301F-11D3-BF4B-00C04F79EFBC}") = "Persistence", "Persistence\Persistence.csproj", "{94976A62-C65A-4522-A723-B1202E444770}"
EndProject
Project("{FAE04EC0-301F-11D3-BF4B-00C04F79EFBC}") = "Infrastructure", "Infrastructure\Infrastructure.csproj", "{8DEBA824-DEA5-48E4-9A2A-75A03F5E99AF}"
EndProject
Global
	GlobalSection(SolutionConfigurationPlatforms) = preSolution
		Debug|Any CPU = Debug|Any CPU
		Debug|x64 = Debug|x64
		Debug|x86 = Debug|x86
		Release|Any CPU = Release|Any CPU
		Release|x64 = Release|x64
		Release|x86 = Release|x86
	EndGlobalSection
	GlobalSection(SolutionProperties) = preSolution
		HideSolutionNode = FALSE
	EndGlobalSection
	GlobalSection(ProjectConfigurationPlatforms) = postSolution
		{1FC8943F-C467-4903-B019-85D0D4988A77}.Debug|Any CPU.ActiveCfg = Debug|Any CPU
		{1FC8943F-C467-4903-B019-85D0D4988A77}.Debug|Any CPU.Build.0 = Debug|Any CPU
		{1FC8943F-C467-4903-B019-85D0D4988A77}.Debug|x64.ActiveCfg = Debug|Any CPU
		{1FC8943F-C467-4903-B019-85D0D4988A77}.Debug|x64.Build.0 = Debug|Any CPU
		{1FC8943F-C467-4903-B019-85D0D4988A77}.Debug|x86.ActiveCfg = Debug|Any CPU
		{1FC8943F-C467-4903-B019-85D0D4988A77}.Debug|x86.Build.0 = Debug|Any CPU
		{1FC8943F-C467-4903-B019-85D0D4988A77}.Release|Any CPU.ActiveCfg = Release|Any CPU
		{1FC8943F-C467-4903-B019-85D0D4988A77}.Release|Any CPU.Build.0 = Release|Any CPU
		{1FC8943F-C467-4903-B019-85D0D4988A77}.Release|x64.ActiveCfg = Release|Any CPU
		{1FC8943F-C467-4903-B019-85D0D4988A77}.Release|x64.Build.0 = Release|Any CPU
		{1FC8943F-C467-4903-B019-85D0D4988A77}.Release|x86.ActiveCfg = Release|Any CPU
		{1FC8943F-C467-4903-B019-85D0D4988A77}.Release|x86.Build.0 = Release|Any CPU
		{CB1359C1-0547-446B-80EE-D3845C4A9D0A}.Debug|Any CPU.ActiveCfg = Debug|Any CPU
		{CB1359C1-0547-446B-80EE-D3845C4A9D0A}.Debug|Any CPU.Build.0 = Debug|Any CPU
		{CB1359C1-0547-446B-80EE-D3845C4A9D0A}.Debug|x64.ActiveCfg = Debug|Any CPU
		{CB1359C1-0547-446B-80EE-D3845C4A9D0A}.Debug|x64.Build.0 = Debug|Any CPU
		{CB1359C1-0547-446B-80EE-D3845C4A9D0A}.Debug|x86.ActiveCfg = Debug|Any CPU
		{CB1359C1-0547-446B-80EE-D3845C4A9D0A}.Debug|x86.Build.0 = Debug|Any CPU
		{CB1359C1-0547-446B-80EE-D3845C4A9D0A}.Release|Any CPU.ActiveCfg = Release|Any CPU
		{CB1359C1-0547-446B-80EE-D3845C4A9D0A}.Release|Any CPU.Build.0 = Release|Any CPU
		{CB1359C1-0547-446B-80EE-D3845C4A9D0A}.Release|x64.ActiveCfg = Release|Any CPU
		{CB1359C1-0547-446B-80EE-D3845C4A9D0A}.Release|x64.Build.0 = Release|Any CPU
		{CB1359C1-0547-446B-80EE-D3845C4A9D0A}.Release|x86.ActiveCfg = Release|Any CPU
		{CB1359C1-0547-446B-80EE-D3845C4A9D0A}.Release|x86.Build.0 = Release|Any CPU
		{59F2D120-336A-4823-A68A-1ADAC5CEEDAB}.Debug|Any CPU.ActiveCfg = Debug|Any CPU
		{59F2D120-336A-4823-A68A-1ADAC5CEEDAB}.Debug|Any CPU.Build.0 = Debug|Any CPU
		{59F2D120-336A-4823-A68A-1ADAC5CEEDAB}.Debug|x64.ActiveCfg = Debug|Any CPU
		{59F2D120-336A-4823-A68A-1ADAC5CEEDAB}.Debug|x64.Build.0 = Debug|Any CPU
		{59F2D120-336A-4823-A68A-1ADAC5CEEDAB}.Debug|x86.ActiveCfg = Debug|Any CPU
		{59F2D120-336A-4823-A68A-1ADAC5CEEDAB}.Debug|x86.Build.0 = Debug|Any CPU
		{59F2D120-336A-4823-A68A-1ADAC5CEEDAB}.Release|Any CPU.ActiveCfg = Release|Any CPU
		{59F2D120-336A-4823-A68A-1ADAC5CEEDAB}.Release|Any CPU.Build.0 = Release|Any CPU
		{59F2D120-336A-4823-A68A-1ADAC5CEEDAB}.Release|x64.ActiveCfg = Release|Any CPU
		{59F2D120-336A-4823-A68A-1ADAC5CEEDAB}.Release|x64.Build.0 = Release|Any CPU
		{59F2D120-336A-4823-A68A-1ADAC5CEEDAB}.Release|x86.ActiveCfg = Release|Any CPU
		{59F2D120-336A-4823-A68A-1ADAC5CEEDAB}.Release|x86.Build.0 = Release|Any CPU
		{94976A62-C65A-4522-A723-B1202E444770}.Debug|Any CPU.ActiveCfg = Debug|Any CPU
		{94976A62-C65A-4522-A723-B1202E444770}.Debug|Any CPU.Build.0 = Debug|Any CPU
		{94976A62-C65A-4522-A723-B1202E444770}.Debug|x64.ActiveCfg = Debug|Any CPU
		{94976A62-C65A-4522-A723-B1202E444770}.Debug|x64.Build.0 = Debug|Any CPU
		{94976A62-C65A-4522-A723-B1202E444770}.Debug|x86.ActiveCfg = Debug|Any CPU
		{94976A62-C65A-4522-A723-B1202E444770}.Debug|x86.Build.0 = Debug|Any CPU
		{94976A62-C65A-4522-A723-B1202E444770}.Release|Any CPU.ActiveCfg = Release|Any CPU
		{94976A62-C65A-4522-A723-B1202E444770}.Release|Any CPU.Build.0 = Release|Any CPU
		{94976A62-C65A-4522-A723-B1202E444770}.Release|x64.ActiveCfg = Release|Any CPU
		{94976A62-C65A-4522-A723-B1202E444770}.Release|x64.Build.0 = Release|Any CPU
		{94976A62-C65A-4522-A723-B1202E444770}.Release|x86.ActiveCfg = Release|Any CPU
		{94976A62-C65A-4522-A723-B1202E444770}.Release|x86.Build.0 = Release|Any CPU
		{8DEBA824-DEA5-48E4-9A2A-75A03F5E99AF}.Debug|Any CPU.ActiveCfg = Debug|Any CPU
		{8DEBA824-DEA5-48E4-9A2A-75A03F5E99AF}.Debug|Any CPU.Build.0 = Debug|Any CPU
		{8DEBA824-DEA5-48E4-9A2A-75A03F5E99AF}.Debug|x64.ActiveCfg = Debug|Any CPU
		{8DEBA824-DEA5-48E4-9A2A-75A03F5E99AF}.Debug|x64.Build.0 = Debug|Any CPU
		{8DEBA824-DEA5-48E4-9A2A-75A03F5E99AF}.Debug|x86.ActiveCfg = Debug|Any CPU
		{8DEBA824-DEA5-48E4-9A2A-75A03F5E99AF}.Debug|x86.Build.0 = Debug|Any CPU
		{8DEBA824-DEA5-48E4-9A2A-75A03F5E99AF}.Release|Any CPU.ActiveCfg = Release|Any CPU
		{8DEBA824-DEA5-48E4-9A2A-75A03F5E99AF}.Release|Any CPU.Build.0 = Release|Any CPU
		{8DEBA824-DEA5-48E4-9A2A-75A03F5E99AF}.Release|x64.ActiveCfg = Release|Any CPU
		{8DEBA824-DEA5-48E4-9A2A-75A03F5E99AF}.Release|x64.Build.0 = Release|Any CPU
		{8DEBA824-DEA5-48E4-9A2A-75A03F5E99AF}.Release|x86.ActiveCfg = Release|Any CPU
		{8DEBA824-DEA5-48E4-9A2A-75A03F5E99AF}.Release|x86.Build.0 = Release|Any CPU
	EndGlobalSection
EndGlobal
